// !$*UTF8*$!
{
	archiveVersion = 1;
	classes = {
	};
	objectVersion = 46;
	objects = {

/* Begin PBXBuildFile section */
		16CAA7FB1D54B42600286C4F /* AppDelegate.swift in Sources */ = {isa = PBXBuildFile; fileRef = 16CAA7FA1D54B42600286C4F /* AppDelegate.swift */; };
		16CAA7FD1D54B42600286C4F /* ViewController.swift in Sources */ = {isa = PBXBuildFile; fileRef = 16CAA7FC1D54B42600286C4F /* ViewController.swift */; };
		16CAA8001D54B42600286C4F /* Main.storyboard in Resources */ = {isa = PBXBuildFile; fileRef = 16CAA7FE1D54B42600286C4F /* Main.storyboard */; };
		16CAA8021D54B42600286C4F /* Assets.xcassets in Resources */ = {isa = PBXBuildFile; fileRef = 16CAA8011D54B42600286C4F /* Assets.xcassets */; };
		16CAA8051D54B42600286C4F /* LaunchScreen.storyboard in Resources */ = {isa = PBXBuildFile; fileRef = 16CAA8031D54B42600286C4F /* LaunchScreen.storyboard */; };
		16CAA8101D54B42600286C4F /* PodTestTests.swift in Sources */ = {isa = PBXBuildFile; fileRef = 16CAA80F1D54B42600286C4F /* PodTestTests.swift */; };
		16CAA81B1D54B42600286C4F /* PodTestUITests.swift in Sources */ = {isa = PBXBuildFile; fileRef = 16CAA81A1D54B42600286C4F /* PodTestUITests.swift */; };
/* End PBXBuildFile section */

/* Begin PBXContainerItemProxy section */
		16CAA80C1D54B42600286C4F /* PBXContainerItemProxy */ = {
			isa = PBXContainerItemProxy;
			containerPortal = 16CAA7EF1D54B42600286C4F /* Project object */;
			proxyType = 1;
			remoteGlobalIDString = 16CAA7F61D54B42600286C4F;
			remoteInfo = PodTest;
		};
		16CAA8171D54B42600286C4F /* PBXContainerItemProxy */ = {
			isa = PBXContainerItemProxy;
			containerPortal = 16CAA7EF1D54B42600286C4F /* Project object */;
			proxyType = 1;
			remoteGlobalIDString = 16CAA7F61D54B42600286C4F;
			remoteInfo = PodTest;
		};
/* End PBXContainerItemProxy section */

/* Begin PBXFileReference section */
		16CAA7F71D54B42600286C4F /* PodTest.app */ = {isa = PBXFileReference; explicitFileType = wrapper.application; includeInIndex = 0; path = PodTest.app; sourceTree = BUILT_PRODUCTS_DIR; };
		16CAA7FA1D54B42600286C4F /* AppDelegate.swift */ = {isa = PBXFileReference; lastKnownFileType = sourcecode.swift; path = AppDelegate.swift; sourceTree = "<group>"; };
		16CAA7FC1D54B42600286C4F /* ViewController.swift */ = {isa = PBXFileReference; lastKnownFileType = sourcecode.swift; path = ViewController.swift; sourceTree = "<group>"; };
		16CAA7FF1D54B42600286C4F /* Base */ = {isa = PBXFileReference; lastKnownFileType = file.storyboard; name = Base; path = Base.lproj/Main.storyboard; sourceTree = "<group>"; };
		16CAA8011D54B42600286C4F /* Assets.xcassets */ = {isa = PBXFileReference; lastKnownFileType = folder.assetcatalog; path = Assets.xcassets; sourceTree = "<group>"; };
		16CAA8041D54B42600286C4F /* Base */ = {isa = PBXFileReference; lastKnownFileType = file.storyboard; name = Base; path = Base.lproj/LaunchScreen.storyboard; sourceTree = "<group>"; };
		16CAA8061D54B42600286C4F /* Info.plist */ = {isa = PBXFileReference; lastKnownFileType = text.plist.xml; path = Info.plist; sourceTree = "<group>"; };
		16CAA80B1D54B42600286C4F /* PodTestTests.xctest */ = {isa = PBXFileReference; explicitFileType = wrapper.cfbundle; includeInIndex = 0; path = PodTestTests.xctest; sourceTree = BUILT_PRODUCTS_DIR; };
		16CAA80F1D54B42600286C4F /* PodTestTests.swift */ = {isa = PBXFileReference; lastKnownFileType = sourcecode.swift; path = PodTestTests.swift; sourceTree = "<group>"; };
		16CAA8111D54B42600286C4F /* Info.plist */ = {isa = PBXFileReference; lastKnownFileType = text.plist.xml; path = Info.plist; sourceTree = "<group>"; };
		16CAA8161D54B42600286C4F /* PodTestUITests.xctest */ = {isa = PBXFileReference; explicitFileType = wrapper.cfbundle; includeInIndex = 0; path = PodTestUITests.xctest; sourceTree = BUILT_PRODUCTS_DIR; };
		16CAA81A1D54B42600286C4F /* PodTestUITests.swift */ = {isa = PBXFileReference; lastKnownFileType = sourcecode.swift; path = PodTestUITests.swift; sourceTree = "<group>"; };
		16CAA81C1D54B42600286C4F /* Info.plist */ = {isa = PBXFileReference; lastKnownFileType = text.plist.xml; path = Info.plist; sourceTree = "<group>"; };
/* End PBXFileReference section */

/* Begin PBXFrameworksBuildPhase section */
		16CAA7F41D54B42600286C4F /* Frameworks */ = {
			isa = PBXFrameworksBuildPhase;
			buildActionMask = 2147483647;
			files = (
			);
			runOnlyForDeploymentPostprocessing = 0;
		};
		16CAA8081D54B42600286C4F /* Frameworks */ = {
			isa = PBXFrameworksBuildPhase;
			buildActionMask = 2147483647;
			files = (
			);
			runOnlyForDeploymentPostprocessing = 0;
		};
		16CAA8131D54B42600286C4F /* Frameworks */ = {
			isa = PBXFrameworksBuildPhase;
			buildActionMask = 2147483647;
			files = (
			);
			runOnlyForDeploymentPostprocessing = 0;
		};
/* End PBXFrameworksBuildPhase section */

/* Begin PBXGroup section */
		16CAA7EE1D54B42600286C4F = {
			isa = PBXGroup;
			children = (
				16CAA7F91D54B42600286C4F /* PodTest */,
				16CAA80E1D54B42600286C4F /* PodTestTests */,
				16CAA8191D54B42600286C4F /* PodTestUITests */,
				16CAA7F81D54B42600286C4F /* Products */,
			);
			sourceTree = "<group>";
		};
		16CAA7F81D54B42600286C4F /* Products */ = {
			isa = PBXGroup;
			children = (
				16CAA7F71D54B42600286C4F /* PodTest.app */,
				16CAA80B1D54B42600286C4F /* PodTestTests.xctest */,
				16CAA8161D54B42600286C4F /* PodTestUITests.xctest */,
			);
			name = Products;
			sourceTree = "<group>";
		};
		16CAA7F91D54B42600286C4F /* PodTest */ = {
			isa = PBXGroup;
			children = (
				16CAA7FA1D54B42600286C4F /* AppDelegate.swift */,
				16CAA7FC1D54B42600286C4F /* ViewController.swift */,
				16CAA7FE1D54B42600286C4F /* Main.storyboard */,
				16CAA8011D54B42600286C4F /* Assets.xcassets */,
				16CAA8031D54B42600286C4F /* LaunchScreen.storyboard */,
				16CAA8061D54B42600286C4F /* Info.plist */,
			);
			path = PodTest;
			sourceTree = "<group>";
		};
		16CAA80E1D54B42600286C4F /* PodTestTests */ = {
			isa = PBXGroup;
			children = (
				16CAA80F1D54B42600286C4F /* PodTestTests.swift */,
				16CAA8111D54B42600286C4F /* Info.plist */,
			);
			path = PodTestTests;
			sourceTree = "<group>";
		};
		16CAA8191D54B42600286C4F /* PodTestUITests */ = {
			isa = PBXGroup;
			children = (
				16CAA81A1D54B42600286C4F /* PodTestUITests.swift */,
				16CAA81C1D54B42600286C4F /* Info.plist */,
			);
			path = PodTestUITests;
			sourceTree = "<group>";
		};
/* End PBXGroup section */

/* Begin PBXNativeTarget section */
		16CAA7F61D54B42600286C4F /* PodTest */ = {
			isa = PBXNativeTarget;
			buildConfigurationList = 16CAA81F1D54B42600286C4F /* Build configuration list for PBXNativeTarget "PodTest" */;
			buildPhases = (
				16CAA7F31D54B42600286C4F /* Sources */,
				16CAA7F41D54B42600286C4F /* Frameworks */,
				16CAA7F51D54B42600286C4F /* Resources */,
			);
			buildRules = (
			);
			dependencies = (
			);
			name = PodTest;
			productName = PodTest;
			productReference = 16CAA7F71D54B42600286C4F /* PodTest.app */;
			productType = "com.apple.product-type.application";
		};
		16CAA80A1D54B42600286C4F /* PodTestTests */ = {
			isa = PBXNativeTarget;
			buildConfigurationList = 16CAA8221D54B42600286C4F /* Build configuration list for PBXNativeTarget "PodTestTests" */;
			buildPhases = (
				16CAA8071D54B42600286C4F /* Sources */,
				16CAA8081D54B42600286C4F /* Frameworks */,
				16CAA8091D54B42600286C4F /* Resources */,
			);
			buildRules = (
			);
			dependencies = (
				16CAA80D1D54B42600286C4F /* PBXTargetDependency */,
			);
			name = PodTestTests;
			productName = PodTestTests;
			productReference = 16CAA80B1D54B42600286C4F /* PodTestTests.xctest */;
			productType = "com.apple.product-type.bundle.unit-test";
		};
		16CAA8151D54B42600286C4F /* PodTestUITests */ = {
			isa = PBXNativeTarget;
			buildConfigurationList = 16CAA8251D54B42600286C4F /* Build configuration list for PBXNativeTarget "PodTestUITests" */;
			buildPhases = (
				16CAA8121D54B42600286C4F /* Sources */,
				16CAA8131D54B42600286C4F /* Frameworks */,
				16CAA8141D54B42600286C4F /* Resources */,
			);
			buildRules = (
			);
			dependencies = (
				16CAA8181D54B42600286C4F /* PBXTargetDependency */,
			);
			name = PodTestUITests;
			productName = PodTestUITests;
			productReference = 16CAA8161D54B42600286C4F /* PodTestUITests.xctest */;
			productType = "com.apple.product-type.bundle.ui-testing";
		};
/* End PBXNativeTarget section */

/* Begin PBXProject section */
		16CAA7EF1D54B42600286C4F /* Project object */ = {
			isa = PBXProject;
			attributes = {
				LastSwiftUpdateCheck = 0730;
				LastUpgradeCheck = 0730;
				ORGANIZATIONNAME = "Void Systems";
				TargetAttributes = {
					16CAA7F61D54B42600286C4F = {
						CreatedOnToolsVersion = 7.3.1;
					};
					16CAA80A1D54B42600286C4F = {
						CreatedOnToolsVersion = 7.3.1;
						TestTargetID = 16CAA7F61D54B42600286C4F;
					};
					16CAA8151D54B42600286C4F = {
						CreatedOnToolsVersion = 7.3.1;
						TestTargetID = 16CAA7F61D54B42600286C4F;
					};
				};
			};
			buildConfigurationList = 16CAA7F21D54B42600286C4F /* Build configuration list for PBXProject "PodTest" */;
			compatibilityVersion = "Xcode 3.2";
			developmentRegion = English;
			hasScannedForEncodings = 0;
			knownRegions = (
				en,
				Base,
			);
			mainGroup = 16CAA7EE1D54B42600286C4F;
			productRefGroup = 16CAA7F81D54B42600286C4F /* Products */;
			projectDirPath = "";
			projectRoot = "";
			targets = (
				16CAA7F61D54B42600286C4F /* PodTest */,
				16CAA80A1D54B42600286C4F /* PodTestTests */,
				16CAA8151D54B42600286C4F /* PodTestUITests */,
			);
		};
/* End PBXProject section */

/* Begin PBXResourcesBuildPhase section */
		16CAA7F51D54B42600286C4F /* Resources */ = {
			isa = PBXResourcesBuildPhase;
			buildActionMask = 2147483647;
			files = (
				16CAA8051D54B42600286C4F /* LaunchScreen.storyboard in Resources */,
				16CAA8021D54B42600286C4F /* Assets.xcassets in Resources */,
				16CAA8001D54B42600286C4F /* Main.storyboard in Resources */,
			);
			runOnlyForDeploymentPostprocessing = 0;
		};
		16CAA8091D54B42600286C4F /* Resources */ = {
			isa = PBXResourcesBuildPhase;
			buildActionMask = 2147483647;
			files = (
			);
			runOnlyForDeploymentPostprocessing = 0;
		};
		16CAA8141D54B42600286C4F /* Resources */ = {
			isa = PBXResourcesBuildPhase;
			buildActionMask = 2147483647;
			files = (
			);
			runOnlyForDeploymentPostprocessing = 0;
		};
/* End PBXResourcesBuildPhase section */

/* Begin PBXSourcesBuildPhase section */
		16CAA7F31D54B42600286C4F /* Sources */ = {
			isa = PBXSourcesBuildPhase;
			buildActionMask = 2147483647;
			files = (
				16CAA7FD1D54B42600286C4F /* ViewController.swift in Sources */,
				16CAA7FB1D54B42600286C4F /* AppDelegate.swift in Sources */,
			);
			runOnlyForDeploymentPostprocessing = 0;
		};
		16CAA8071D54B42600286C4F /* Sources */ = {
			isa = PBXSourcesBuildPhase;
			buildActionMask = 2147483647;
			files = (
				16CAA8101D54B42600286C4F /* PodTestTests.swift in Sources */,
			);
			runOnlyForDeploymentPostprocessing = 0;
		};
		16CAA8121D54B42600286C4F /* Sources */ = {
			isa = PBXSourcesBuildPhase;
			buildActionMask = 2147483647;
			files = (
				16CAA81B1D54B42600286C4F /* PodTestUITests.swift in Sources */,
			);
			runOnlyForDeploymentPostprocessing = 0;
		};
/* End PBXSourcesBuildPhase section */

/* Begin PBXTargetDependency section */
		16CAA80D1D54B42600286C4F /* PBXTargetDependency */ = {
			isa = PBXTargetDependency;
			target = 16CAA7F61D54B42600286C4F /* PodTest */;
			targetProxy = 16CAA80C1D54B42600286C4F /* PBXContainerItemProxy */;
		};
		16CAA8181D54B42600286C4F /* PBXTargetDependency */ = {
			isa = PBXTargetDependency;
			target = 16CAA7F61D54B42600286C4F /* PodTest */;
			targetProxy = 16CAA8171D54B42600286C4F /* PBXContainerItemProxy */;
		};
/* End PBXTargetDependency section */

/* Begin PBXVariantGroup section */
		16CAA7FE1D54B42600286C4F /* Main.storyboard */ = {
			isa = PBXVariantGroup;
			children = (
				16CAA7FF1D54B42600286C4F /* Base */,
			);
			name = Main.storyboard;
			sourceTree = "<group>";
		};
		16CAA8031D54B42600286C4F /* LaunchScreen.storyboard */ = {
			isa = PBXVariantGroup;
			children = (
				16CAA8041D54B42600286C4F /* Base */,
			);
			name = LaunchScreen.storyboard;
			sourceTree = "<group>";
		};
/* End PBXVariantGroup section */

/* Begin XCBuildConfiguration section */
		16CAA81D1D54B42600286C4F /* Debug */ = {
			isa = XCBuildConfiguration;
			buildSettings = {
				ALWAYS_SEARCH_USER_PATHS = NO;
				CLANG_ANALYZER_NONNULL = YES;
				CLANG_CXX_LANGUAGE_STANDARD = "gnu++0x";
				CLANG_CXX_LIBRARY = "libc++";
				CLANG_ENABLE_MODULES = YES;
				CLANG_ENABLE_OBJC_ARC = YES;
				CLANG_WARN_BOOL_CONVERSION = YES;
				CLANG_WARN_CONSTANT_CONVERSION = YES;
				CLANG_WARN_DIRECT_OBJC_ISA_USAGE = YES_ERROR;
				CLANG_WARN_EMPTY_BODY = YES;
				CLANG_WARN_ENUM_CONVERSION = YES;
				CLANG_WARN_INT_CONVERSION = YES;
				CLANG_WARN_OBJC_ROOT_CLASS = YES_ERROR;
				CLANG_WARN_UNREACHABLE_CODE = YES;
				CLANG_WARN__DUPLICATE_METHOD_MATCH = YES;
				"CODE_SIGN_IDENTITY[sdk=iphoneos*]" = "iPhone Developer";
				COPY_PHASE_STRIP = NO;
				DEBUG_INFORMATION_FORMAT = dwarf;
				ENABLE_STRICT_OBJC_MSGSEND = YES;
				ENABLE_TESTABILITY = YES;
				GCC_C_LANGUAGE_STANDARD = gnu99;
				GCC_DYNAMIC_NO_PIC = NO;
				GCC_NO_COMMON_BLOCKS = YES;
				GCC_OPTIMIZATION_LEVEL = 0;
				GCC_PREPROCESSOR_DEFINITIONS = (
					"DEBUG=1",
					"$(inherited)",
				);
				GCC_WARN_64_TO_32_BIT_CONVERSION = YES;
				GCC_WARN_ABOUT_RETURN_TYPE = YES_ERROR;
				GCC_WARN_UNDECLARED_SELECTOR = YES;
				GCC_WARN_UNINITIALIZED_AUTOS = YES_AGGRESSIVE;
				GCC_WARN_UNUSED_FUNCTION = YES;
				GCC_WARN_UNUSED_VARIABLE = YES;
				IPHONEOS_DEPLOYMENT_TARGET = 9.3;
				MTL_ENABLE_DEBUG_INFO = YES;
				ONLY_ACTIVE_ARCH = YES;
				SDKROOT = iphoneos;
				SWIFT_OPTIMIZATION_LEVEL = "-Onone";
				TARGETED_DEVICE_FAMILY = "1,2";
			};
			name = Debug;
		};
		16CAA81E1D54B42600286C4F /* Release */ = {
			isa = XCBuildConfiguration;
			buildSettings = {
				ALWAYS_SEARCH_USER_PATHS = NO;
				CLANG_ANALYZER_NONNULL = YES;
				CLANG_CXX_LANGUAGE_STANDARD = "gnu++0x";
				CLANG_CXX_LIBRARY = "libc++";
				CLANG_ENABLE_MODULES = YES;
				CLANG_ENABLE_OBJC_ARC = YES;
				CLANG_WARN_BOOL_CONVERSION = YES;
				CLANG_WARN_CONSTANT_CONVERSION = YES;
				CLANG_WARN_DIRECT_OBJC_ISA_USAGE = YES_ERROR;
				CLANG_WARN_EMPTY_BODY = YES;
				CLANG_WARN_ENUM_CONVERSION = YES;
				CLANG_WARN_INT_CONVERSION = YES;
				CLANG_WARN_OBJC_ROOT_CLASS = YES_ERROR;
				CLANG_WARN_UNREACHABLE_CODE = YES;
				CLANG_WARN__DUPLICATE_METHOD_MATCH = YES;
				"CODE_SIGN_IDENTITY[sdk=iphoneos*]" = "iPhone Developer";
				COPY_PHASE_STRIP = NO;
				DEBUG_INFORMATION_FORMAT = "dwarf-with-dsym";
				ENABLE_NS_ASSERTIONS = NO;
				ENABLE_STRICT_OBJC_MSGSEND = YES;
				GCC_C_LANGUAGE_STANDARD = gnu99;
				GCC_NO_COMMON_BLOCKS = YES;
				GCC_WARN_64_TO_32_BIT_CONVERSION = YES;
				GCC_WARN_ABOUT_RETURN_TYPE = YES_ERROR;
				GCC_WARN_UNDECLARED_SELECTOR = YES;
				GCC_WARN_UNINITIALIZED_AUTOS = YES_AGGRESSIVE;
				GCC_WARN_UNUSED_FUNCTION = YES;
				GCC_WARN_UNUSED_VARIABLE = YES;
				IPHONEOS_DEPLOYMENT_TARGET = 9.3;
				MTL_ENABLE_DEBUG_INFO = NO;
				SDKROOT = iphoneos;
				TARGETED_DEVICE_FAMILY = "1,2";
				VALIDATE_PRODUCT = YES;
			};
			name = Release;
		};
		16CAA8201D54B42600286C4F /* Debug */ = {
			isa = XCBuildConfiguration;
			buildSettings = {
				ASSETCATALOG_COMPILER_APPICON_NAME = AppIcon;
				INFOPLIST_FILE = PodTest/Info.plist;
				LD_RUNPATH_SEARCH_PATHS = "$(inherited) @executable_path/Frameworks";
				PRODUCT_BUNDLE_IDENTIFIER = com.voidsystems.xho95.PodTest;
				PRODUCT_NAME = "$(TARGET_NAME)";
			};
			name = Debug;
		};
		16CAA8211D54B42600286C4F /* Release */ = {
			isa = XCBuildConfiguration;
			buildSettings = {
				ASSETCATALOG_COMPILER_APPICON_NAME = AppIcon;
				INFOPLIST_FILE = PodTest/Info.plist;
				LD_RUNPATH_SEARCH_PATHS = "$(inherited) @executable_path/Frameworks";
				PRODUCT_BUNDLE_IDENTIFIER = com.voidsystems.xho95.PodTest;
				PRODUCT_NAME = "$(TARGET_NAME)";
			};
			name = Release;
		};
		16CAA8231D54B42600286C4F /* Debug */ = {
			isa = XCBuildConfiguration;
			buildSettings = {
				BUNDLE_LOADER = "$(TEST_HOST)";
				INFOPLIST_FILE = PodTestTests/Info.plist;
				LD_RUNPATH_SEARCH_PATHS = "$(inherited) @executable_path/Frameworks @loader_path/Frameworks";
				PRODUCT_BUNDLE_IDENTIFIER = com.voidsystems.xho95.PodTestTests;
				PRODUCT_NAME = "$(TARGET_NAME)";
				TEST_HOST = "$(BUILT_PRODUCTS_DIR)/PodTest.app/PodTest";
			};
			name = Debug;
		};
		16CAA8241D54B42600286C4F /* Release */ = {
			isa = XCBuildConfiguration;
			buildSettings = {
				BUNDLE_LOADER = "$(TEST_HOST)";
				INFOPLIST_FILE = PodTestTests/Info.plist;
				LD_RUNPATH_SEARCH_PATHS = "$(inherited) @executable_path/Frameworks @loader_path/Frameworks";
				PRODUCT_BUNDLE_IDENTIFIER = com.voidsystems.xho95.PodTestTests;
				PRODUCT_NAME = "$(TARGET_NAME)";
				TEST_HOST = "$(BUILT_PRODUCTS_DIR)/PodTest.app/PodTest";
			};
			name = Release;
		};
		16CAA8261D54B42600286C4F /* Debug */ = {
			isa = XCBuildConfiguration;
			buildSettings = {
				INFOPLIST_FILE = PodTestUITests/Info.plist;
				LD_RUNPATH_SEARCH_PATHS = "$(inherited) @executable_path/Frameworks @loader_path/Frameworks";
				PRODUCT_BUNDLE_IDENTIFIER = com.voidsystems.xho95.PodTestUITests;
				PRODUCT_NAME = "$(TARGET_NAME)";
				TEST_TARGET_NAME = PodTest;
			};
			name = Debug;
		};
		16CAA8271D54B42600286C4F /* Release */ = {
			isa = XCBuildConfiguration;
			buildSettings = {
				INFOPLIST_FILE = PodTestUITests/Info.plist;
				LD_RUNPATH_SEARCH_PATHS = "$(inherited) @executable_path/Frameworks @loader_path/Frameworks";
				PRODUCT_BUNDLE_IDENTIFIER = com.voidsystems.xho95.PodTestUITests;
				PRODUCT_NAME = "$(TARGET_NAME)";
				TEST_TARGET_NAME = PodTest;
			};
			name = Release;
		};
/* End XCBuildConfiguration section */

/* Begin XCConfigurationList section */
		16CAA7F21D54B42600286C4F /* Build configuration list for PBXProject "PodTest" */ = {
			isa = XCConfigurationList;
			buildConfigurations = (
				16CAA81D1D54B42600286C4F /* Debug */,
				16CAA81E1D54B42600286C4F /* Release */,
			);
			defaultConfigurationIsVisible = 0;
			defaultConfigurationName = Release;
		};
		16CAA81F1D54B42600286C4F /* Build configuration list for PBXNativeTarget "PodTest" */ = {
			isa = XCConfigurationList;
			buildConfigurations = (
				16CAA8201D54B42600286C4F /* Debug */,
				16CAA8211D54B42600286C4F /* Release */,
			);
			defaultConfigurationIsVisible = 0;
		};
		16CAA8221D54B42600286C4F /* Build configuration list for PBXNativeTarget "PodTestTests" */ = {
			isa = XCConfigurationList;
			buildConfigurations = (
				16CAA8231D54B42600286C4F /* Debug */,
				16CAA8241D54B42600286C4F /* Release */,
			);
			defaultConfigurationIsVisible = 0;
		};
		16CAA8251D54B42600286C4F /* Build configuration list for PBXNativeTarget "PodTestUITests" */ = {
			isa = XCConfigurationList;
			buildConfigurations = (
				16CAA8261D54B42600286C4F /* Debug */,
				16CAA8271D54B42600286C4F /* Release */,
			);
			defaultConfigurationIsVisible = 0;
		};
/* End XCConfigurationList section */
	};
	rootObject = 16CAA7EF1D54B42600286C4F /* Project object */;
}
